
Microsoft Visual Studio Solution File, Format Version 12.00
Project("{FAE04EC0-301F-11D3-BF4B-00C04F79EFBC}") = "WeighForWeight", "WeighForWeight\WeighForWeight.csproj", "{E6FF37CA-F4CC-4227-A062-32F536185ACA}"
EndProject
Global
	GlobalSection(SolutionConfigurationPlatforms) = preSolution
		Debug|Any CPU = Debug|Any CPU
		Release|Any CPU = Release|Any CPU
	EndGlobalSection
	GlobalSection(ProjectConfigurationPlatforms) = postSolution
		{E6FF37CA-F4CC-4227-A062-32F536185ACA}.Debug|Any CPU.ActiveCfg = Debug|Any CPU
		{E6FF37CA-F4CC-4227-A062-32F536185ACA}.Debug|Any CPU.Build.0 = Debug|Any CPU
		{E6FF37CA-F4CC-4227-A062-32F536185ACA}.Release|Any CPU.ActiveCfg = Release|Any CPU
		{E6FF37CA-F4CC-4227-A062-32F536185ACA}.Release|Any CPU.Build.0 = Release|Any CPU
	EndGlobalSection
EndGlobal
