
Microsoft Visual Studio Solution File, Format Version 12.00
Project("{FAE04EC0-301F-11D3-BF4B-00C04F79EFBC}") = "Printer_Errors", "Printer_Errors\Printer_Errors.csproj", "{37DD796B-3B0C-4868-8E99-B0CDA8B991EC}"
EndProject
Project("{FAE04EC0-301F-11D3-BF4B-00C04F79EFBC}") = "ConsoleApp1", "ConsoleApp1\ConsoleApp1.csproj", "{3A6AFD8A-9517-4ABD-88E0-50E5E2546BCA}"
EndProject
Global
	GlobalSection(SolutionConfigurationPlatforms) = preSolution
		Debug|Any CPU = Debug|Any CPU
		Release|Any CPU = Release|Any CPU
	EndGlobalSection
	GlobalSection(ProjectConfigurationPlatforms) = postSolution
		{37DD796B-3B0C-4868-8E99-B0CDA8B991EC}.Debug|Any CPU.ActiveCfg = Debug|Any CPU
		{37DD796B-3B0C-4868-8E99-B0CDA8B991EC}.Debug|Any CPU.Build.0 = Debug|Any CPU
		{37DD796B-3B0C-4868-8E99-B0CDA8B991EC}.Release|Any CPU.ActiveCfg = Release|Any CPU
		{37DD796B-3B0C-4868-8E99-B0CDA8B991EC}.Release|Any CPU.Build.0 = Release|Any CPU
		{3A6AFD8A-9517-4ABD-88E0-50E5E2546BCA}.Debug|Any CPU.ActiveCfg = Debug|Any CPU
		{3A6AFD8A-9517-4ABD-88E0-50E5E2546BCA}.Debug|Any CPU.Build.0 = Debug|Any CPU
		{3A6AFD8A-9517-4ABD-88E0-50E5E2546BCA}.Release|Any CPU.ActiveCfg = Release|Any CPU
		{3A6AFD8A-9517-4ABD-88E0-50E5E2546BCA}.Release|Any CPU.Build.0 = Release|Any CPU
	EndGlobalSection
EndGlobal
