
Microsoft Visual Studio Solution File, Format Version 12.00
Project("{FAE04EC0-301F-11D3-BF4B-00C04F79EFBC}") = "Nth_Power_Rules_Them_All", "Nth_Power_Rules_Them_All\Nth_Power_Rules_Them_All.csproj", "{99E87D51-AB92-4101-AF4F-F10408B6DC35}"
EndProject
Global
	GlobalSection(SolutionConfigurationPlatforms) = preSolution
		Debug|Any CPU = Debug|Any CPU
		Release|Any CPU = Release|Any CPU
	EndGlobalSection
	GlobalSection(ProjectConfigurationPlatforms) = postSolution
		{99E87D51-AB92-4101-AF4F-F10408B6DC35}.Debug|Any CPU.ActiveCfg = Debug|Any CPU
		{99E87D51-AB92-4101-AF4F-F10408B6DC35}.Debug|Any CPU.Build.0 = Debug|Any CPU
		{99E87D51-AB92-4101-AF4F-F10408B6DC35}.Release|Any CPU.ActiveCfg = Release|Any CPU
		{99E87D51-AB92-4101-AF4F-F10408B6DC35}.Release|Any CPU.Build.0 = Release|Any CPU
	EndGlobalSection
EndGlobal
